Microsoft Visual Studio Solution File, Format Version 12.00
# Visual Studio Version 17
VisualStudioVersion = 17.5.2.0
MinimumVisualStudioVersion = 10.0.40219.1
Project("{FAE04EC0-301F-11D3-BF4B-00C04F79EFBC}") = "FembStockTicker", "FembStockTicker.csproj", "{29735E81-7960-428F-B0C0-93851496A554}"
EndProject
Global
	GlobalSection(SolutionConfigurationPlatforms) = preSolution
		Debug|Any CPU = Debug|Any CPU
		Release|Any CPU = Release|Any CPU
	EndGlobalSection
	GlobalSection(ProjectConfigurationPlatforms) = postSolution
		{29735E81-7960-428F-B0C0-93851496A554}.Debug|Any CPU.ActiveCfg = Debug|Any CPU
		{29735E81-7960-428F-B0C0-93851496A554}.Debug|Any CPU.Build.0 = Debug|Any CPU
		{29735E81-7960-428F-B0C0-93851496A554}.Release|Any CPU.ActiveCfg = Release|Any CPU
		{29735E81-7960-428F-B0C0-93851496A554}.Release|Any CPU.Build.0 = Release|Any CPU
	EndGlobalSection
	GlobalSection(SolutionProperties) = preSolution
		HideSolutionNode = FALSE
	EndGlobalSection
	GlobalSection(ExtensibilityGlobals) = postSolution
		SolutionGuid = {940357DB-5399-486D-A9D1-15D1F5D2F018}
	EndGlobalSection
EndGlobal
